
Microsoft Visual Studio Solution File, Format Version 12.00
# Visual Studio Version 16
VisualStudioVersion = 16.0.31105.61
MinimumVisualStudioVersion = 10.0.40219.1
Project("{9A19103F-16F7-4668-BE54-9A1E7A4F7556}") = "WindowsReceiver", "WindowsReceiver.csproj", "{62F758DD-354F-4AF7-8BC4-980E991DD85B}"
EndProject
Global
	GlobalSection(SolutionConfigurationPlatforms) = preSolution
		Debug|Any CPU = Debug|Any CPU
		Release|Any CPU = Release|Any CPU
	EndGlobalSection
	GlobalSection(ProjectConfigurationPlatforms) = postSolution
		{62F758DD-354F-4AF7-8BC4-980E991DD85B}.Debug|Any CPU.ActiveCfg = Debug|Any CPU
		{62F758DD-354F-4AF7-8BC4-980E991DD85B}.Debug|Any CPU.Build.0 = Debug|Any CPU
		{62F758DD-354F-4AF7-8BC4-980E991DD85B}.Release|Any CPU.ActiveCfg = Release|Any CPU
		{62F758DD-354F-4AF7-8BC4-980E991DD85B}.Release|Any CPU.Build.0 = Release|Any CPU
	EndGlobalSection
	GlobalSection(SolutionProperties) = preSolution
		HideSolutionNode = FALSE
	EndGlobalSection
	GlobalSection(ExtensibilityGlobals) = postSolution
		SolutionGuid = {2F9E3B5C-9AAD-43AF-AEE9-856025108B2D}
	EndGlobalSection
EndGlobal
